version = 1
requires-python = ">=3.12"

[[package]]
name = "kafka-python"
version = "2.2.15"
source = { registry = "https://pypi.org/simple" }
sdist = { url = "https://files.pythonhosted.org/packages/da/67/1434436f3cb409443f72a4843b877ac2d9bf586a31a0e966cf1dc4dc9a94/kafka_python-2.2.15.tar.gz", hash = "sha256:e0f480a45f3814cb0eb705b8b4f61069e1be61dae0d8c69d0f1f2da33eea1bd5", size = 347870 }
wheels = [
    { url = "https://files.pythonhosted.org/packages/e6/35/e8bfed5425e8fe685bd03ec3f5135ee8b88c11558baa59c0d12fbd2a20ae/kafka_python-2.2.15-py2.py3-none-any.whl", hash = "sha256:84c0993cd4f7f2f01e92d8104ea9bdf631aff72fc5e6ea62eb3bdf1d56528fc3", size = 309751 },
]

[[package]]
name = "lab-python"
version = "0.1.0"
source = { editable = "." }
dependencies = [
    { name = "kafka-python" },
    { name = "questionary" },
]

[package.dev-dependencies]
dev = [
    { name = "types-confluent-kafka" },
]

[package.metadata]
requires-dist = [
    { name = "kafka-python", specifier = ">=2.2.15" },
    { name = "questionary", specifier = ">=2.1.1" },
]

[package.metadata.requires-dev]
dev = [{ name = "types-confluent-kafka", specifier = ">=1.3.6" }]

[[package]]
name = "prompt-toolkit"
version = "3.0.52"
source = { registry = "https://pypi.org/simple" }
dependencies = [
    { name = "wcwidth" },
]
sdist = { url = "https://files.pythonhosted.org/packages/a1/96/06e01a7b38dce6fe1db213e061a4602dd6032a8a97ef6c1a862537732421/prompt_toolkit-3.0.52.tar.gz", hash = "sha256:28cde192929c8e7321de85de1ddbe736f1375148b02f2e17edd840042b1be855", size = 434198 }
wheels = [
    { url = "https://files.pythonhosted.org/packages/84/03/0d3ce49e2505ae70cf43bc5bb3033955d2fc9f932163e84dc0779cc47f48/prompt_toolkit-3.0.52-py3-none-any.whl", hash = "sha256:9aac639a3bbd33284347de5ad8d68ecc044b91a762dc39b7c21095fcd6a19955", size = 391431 },
]

[[package]]
name = "questionary"
version = "2.1.1"
source = { registry = "https://pypi.org/simple" }
dependencies = [
    { name = "prompt-toolkit" },
]
sdist = { url = "https://files.pythonhosted.org/packages/f6/45/eafb0bba0f9988f6a2520f9ca2df2c82ddfa8d67c95d6625452e97b204a5/questionary-2.1.1.tar.gz", hash = "sha256:3d7e980292bb0107abaa79c68dd3eee3c561b83a0f89ae482860b181c8bd412d", size = 25845 }
wheels = [
    { url = "https://files.pythonhosted.org/packages/3c/26/1062c7ec1b053db9e499b4d2d5bc231743201b74051c973dadeac80a8f43/questionary-2.1.1-py3-none-any.whl", hash = "sha256:a51af13f345f1cdea62347589fbb6df3b290306ab8930713bfae4d475a7d4a59", size = 36753 },
]

[[package]]
name = "types-confluent-kafka"
version = "1.3.6"
source = { registry = "https://pypi.org/simple" }
sdist = { url = "https://files.pythonhosted.org/packages/38/31/eb48322a20c2527c2d9ccbfcd7f4023a05f9368d58128ef569aa62f6410b/types_confluent_kafka-1.3.6.tar.gz", hash = "sha256:dfefc985df06a1912b023f0a91c0abe6179c4f79ad54e7ebc3e141c03c01b90b", size = 22977 }
wheels = [
    { url = "https://files.pythonhosted.org/packages/43/e4/3194d0f979c6b1efd6924e4601af78541467cc6eaf635e14a3e304246043/types_confluent_kafka-1.3.6-py3-none-any.whl", hash = "sha256:f2748272d74f311411dd1b8b2c7bcfbc107270fc152815e4e786ed528f43a980", size = 35679 },
]

[[package]]
name = "wcwidth"
version = "0.2.14"
source = { registry = "https://pypi.org/simple" }
sdist = { url = "https://files.pythonhosted.org/packages/24/30/6b0809f4510673dc723187aeaf24c7f5459922d01e2f794277a3dfb90345/wcwidth-0.2.14.tar.gz", hash = "sha256:4d478375d31bc5395a3c55c40ccdf3354688364cd61c4f6adacaa9215d0b3605", size = 102293 }
wheels = [
    { url = "https://files.pythonhosted.org/packages/af/b5/123f13c975e9f27ab9c0770f514345bd406d0e8d3b7a0723af9d43f710af/wcwidth-0.2.14-py2.py3-none-any.whl", hash = "sha256:a7bb560c8aee30f9957e5f9895805edd20602f2d7f720186dfd906e82b4982e1", size = 37286 },
]
